
Microsoft Visual Studio Solution File, Format Version 11.00
# Visual Studio 2010
Project("{FAE04EC0-301F-11D3-BF4B-00C04F79EFBC}") = "Assembly-CSharp", "Assembly-CSharp.csproj", "{696545D9-D49C-3441-2338-73FC785E8F09}"
EndProject
Project("{FAE04EC0-301F-11D3-BF4B-00C04F79EFBC}") = "Assembly-CSharp-Editor", "Assembly-CSharp-Editor.csproj", "{E14F5CE2-9608-B83B-EE57-6CDD976B01FF}"
EndProject
Global
	GlobalSection(SolutionConfigurationPlatforms) = preSolution
		Debug|Any CPU = Debug|Any CPU
		Release|Any CPU = Release|Any CPU
	EndGlobalSection
	GlobalSection(ProjectConfigurationPlatforms) = postSolution
		{696545D9-D49C-3441-2338-73FC785E8F09}.Debug|Any CPU.ActiveCfg = Debug|Any CPU
		{696545D9-D49C-3441-2338-73FC785E8F09}.Debug|Any CPU.Build.0 = Debug|Any CPU
		{696545D9-D49C-3441-2338-73FC785E8F09}.Release|Any CPU.ActiveCfg = Release|Any CPU
		{696545D9-D49C-3441-2338-73FC785E8F09}.Release|Any CPU.Build.0 = Release|Any CPU
		{E14F5CE2-9608-B83B-EE57-6CDD976B01FF}.Debug|Any CPU.ActiveCfg = Debug|Any CPU
		{E14F5CE2-9608-B83B-EE57-6CDD976B01FF}.Debug|Any CPU.Build.0 = Debug|Any CPU
		{E14F5CE2-9608-B83B-EE57-6CDD976B01FF}.Release|Any CPU.ActiveCfg = Release|Any CPU
		{E14F5CE2-9608-B83B-EE57-6CDD976B01FF}.Release|Any CPU.Build.0 = Release|Any CPU
	EndGlobalSection
	GlobalSection(SolutionProperties) = preSolution
		HideSolutionNode = FALSE
	EndGlobalSection
EndGlobal
